# generated by rye
# use `rye lock` or `rye sync` to update this lockfile
#
# last locked with the following flags:
#   pre: false
#   features: []
#   all-features: false
#   with-sources: false
#   generate-hashes: false
#   universal: false

jalali-core==1.0.0
    # via jdatetime
jdatetime==5.0.0
jinja2==3.1.4
markdown-it-py==3.0.0
markupsafe==2.1.5
    # via jinja2
mdurl==0.1.2
    # via markdown-it-py
